
Microsoft Visual Studio Solution File, Format Version 12.00
# Visual Studio Version 17
VisualStudioVersion = 17.7.34018.315
MinimumVisualStudioVersion = 10.0.40219.1
Project("{FAE04EC0-301F-11D3-BF4B-00C04F79EFBC}") = "WpfApp1", "WpfApp1\WpfApp1.csproj", "{A73182ED-AB54-4624-BB91-42E5C7D92E37}"
EndProject
Global
	GlobalSection(SolutionConfigurationPlatforms) = preSolution
		Debug|Any CPU = Debug|Any CPU
		Release|Any CPU = Release|Any CPU
	EndGlobalSection
	GlobalSection(ProjectConfigurationPlatforms) = postSolution
		{A73182ED-AB54-4624-BB91-42E5C7D92E37}.Debug|Any CPU.ActiveCfg = Debug|Any CPU
		{A73182ED-AB54-4624-BB91-42E5C7D92E37}.Debug|Any CPU.Build.0 = Debug|Any CPU
		{A73182ED-AB54-4624-BB91-42E5C7D92E37}.Release|Any CPU.ActiveCfg = Release|Any CPU
		{A73182ED-AB54-4624-BB91-42E5C7D92E37}.Release|Any CPU.Build.0 = Release|Any CPU
	EndGlobalSection
	GlobalSection(SolutionProperties) = preSolution
		HideSolutionNode = FALSE
	EndGlobalSection
	GlobalSection(ExtensibilityGlobals) = postSolution
		SolutionGuid = {40607BF8-C376-4757-88AC-A3E1E448CAD7}
	EndGlobalSection
EndGlobal
