
Microsoft Visual Studio Solution File, Format Version 12.00
# Visual Studio Version 17
VisualStudioVersion = 17.7.34024.191
MinimumVisualStudioVersion = 10.0.40219.1
Project("{FAE04EC0-301F-11D3-BF4B-00C04F79EFBC}") = "Homework_Drink_ordering_system", "Homework_Drink_ordering_system\Homework_Drink_ordering_system.csproj", "{2DD0B230-F23D-402E-B4DB-5FE011608264}"
EndProject
Global
	GlobalSection(SolutionConfigurationPlatforms) = preSolution
		Debug|Any CPU = Debug|Any CPU
		Release|Any CPU = Release|Any CPU
	EndGlobalSection
	GlobalSection(ProjectConfigurationPlatforms) = postSolution
		{2DD0B230-F23D-402E-B4DB-5FE011608264}.Debug|Any CPU.ActiveCfg = Debug|Any CPU
		{2DD0B230-F23D-402E-B4DB-5FE011608264}.Debug|Any CPU.Build.0 = Debug|Any CPU
		{2DD0B230-F23D-402E-B4DB-5FE011608264}.Release|Any CPU.ActiveCfg = Release|Any CPU
		{2DD0B230-F23D-402E-B4DB-5FE011608264}.Release|Any CPU.Build.0 = Release|Any CPU
	EndGlobalSection
	GlobalSection(SolutionProperties) = preSolution
		HideSolutionNode = FALSE
	EndGlobalSection
	GlobalSection(ExtensibilityGlobals) = postSolution
		SolutionGuid = {4717FDC8-9FF9-4F4D-8CCF-4D826C8EF3B3}
	EndGlobalSection
EndGlobal
